{
  "name": "replayforge",
  "version": "0.1.0",
  "lockfileVersion": 3,
  "requires": true,
  "packages": {
    "": {
      "name": "replayforge",
      "version": "0.1.0",
      "license": "MIT",
      "bin": {
        "replayforge": "bin/replayforge.mjs"
      },
      "engines": {
        "node": ">=20"
      }
    }
  }
}
